
Microsoft Visual Studio Solution File, Format Version 12.00
# Visual Studio Version 16
VisualStudioVersion = 16.0.30011.22
MinimumVisualStudioVersion = 10.0.40219.1
Project("{FAE04EC0-301F-11D3-BF4B-00C04F79EFBC}") = "KuaforAppWebApi", "KuaforAppWebApi\KuaforAppWebApi.csproj", "{7B062252-21BF-40AB-BF6C-E11A66D08F92}"
EndProject
Global
	GlobalSection(SolutionConfigurationPlatforms) = preSolution
		Debug|Any CPU = Debug|Any CPU
		Release|Any CPU = Release|Any CPU
	EndGlobalSection
	GlobalSection(ProjectConfigurationPlatforms) = postSolution
		{7B062252-21BF-40AB-BF6C-E11A66D08F92}.Debug|Any CPU.ActiveCfg = Debug|Any CPU
		{7B062252-21BF-40AB-BF6C-E11A66D08F92}.Debug|Any CPU.Build.0 = Debug|Any CPU
		{7B062252-21BF-40AB-BF6C-E11A66D08F92}.Release|Any CPU.ActiveCfg = Release|Any CPU
		{7B062252-21BF-40AB-BF6C-E11A66D08F92}.Release|Any CPU.Build.0 = Release|Any CPU
	EndGlobalSection
	GlobalSection(SolutionProperties) = preSolution
		HideSolutionNode = FALSE
	EndGlobalSection
	GlobalSection(ExtensibilityGlobals) = postSolution
		SolutionGuid = {A9DC997D-D7EA-4A1E-8E24-F1ECDD78A57E}
	EndGlobalSection
EndGlobal
